PODS:
  - GJHGallop (0.0.11):
    - SDWebImage
  - SDWebImage (4.4.6):
    - SDWebImage/Core (= 4.4.6)
  - SDWebImage/Core (4.4.6)

DEPENDENCIES:
  - GJHGallop (from `../`)

SPEC REPOS:
  https://github.com/cocoapods/specs.git:
    - SDWebImage

EXTERNAL SOURCES:
  GJHGallop:
    :path: "../"

SPEC CHECKSUMS:
  GJHGallop: 39117c67178067b9df2988fa85f37a729232e432
  SDWebImage: 3f3f0c02f09798048c47a5ed0a13f17b063572d8

PODFILE CHECKSUM: 50b4496cc01629cb3cd3f9c8f2a93ecbc58dadfe

COCOAPODS: 1.6.1
